
Microsoft Visual Studio Solution File, Format Version 12.00
# Visual Studio Version 17
VisualStudioVersion = 17.2.32602.215
MinimumVisualStudioVersion = 10.0.40219.1
Project("{9A19103F-16F7-4668-BE54-9A1E7A4F7556}") = "CoffeeMachine.Tests", "CoffeeMachine.Tests\CoffeeMachine.Tests.csproj", "{A3CA4974-DBDA-4960-95D9-12E0AE344E76}"
EndProject
Project("{9A19103F-16F7-4668-BE54-9A1E7A4F7556}") = "CoffeeMachine", "..\CoffeeMachine\CoffeeMachine\CoffeeMachine.csproj", "{929AC7CE-4BC6-458E-B74B-BB366D179BAD}"
EndProject
Global
	GlobalSection(SolutionConfigurationPlatforms) = preSolution
		Debug|Any CPU = Debug|Any CPU
		Release|Any CPU = Release|Any CPU
	EndGlobalSection
	GlobalSection(ProjectConfigurationPlatforms) = postSolution
		{A3CA4974-DBDA-4960-95D9-12E0AE344E76}.Debug|Any CPU.ActiveCfg = Debug|Any CPU
		{A3CA4974-DBDA-4960-95D9-12E0AE344E76}.Debug|Any CPU.Build.0 = Debug|Any CPU
		{A3CA4974-DBDA-4960-95D9-12E0AE344E76}.Release|Any CPU.ActiveCfg = Release|Any CPU
		{A3CA4974-DBDA-4960-95D9-12E0AE344E76}.Release|Any CPU.Build.0 = Release|Any CPU
		{929AC7CE-4BC6-458E-B74B-BB366D179BAD}.Debug|Any CPU.ActiveCfg = Debug|Any CPU
		{929AC7CE-4BC6-458E-B74B-BB366D179BAD}.Debug|Any CPU.Build.0 = Debug|Any CPU
		{929AC7CE-4BC6-458E-B74B-BB366D179BAD}.Release|Any CPU.ActiveCfg = Release|Any CPU
		{929AC7CE-4BC6-458E-B74B-BB366D179BAD}.Release|Any CPU.Build.0 = Release|Any CPU
	EndGlobalSection
	GlobalSection(SolutionProperties) = preSolution
		HideSolutionNode = FALSE
	EndGlobalSection
	GlobalSection(ExtensibilityGlobals) = postSolution
		SolutionGuid = {F0CD2CD5-C8A4-4967-9092-5047187C29BA}
	EndGlobalSection
EndGlobal
